
Microsoft Visual Studio Solution File, Format Version 12.00
# Visual Studio Version 16
VisualStudioVersion = 16.0.31515.178
MinimumVisualStudioVersion = 10.0.40219.1
Project("{FAE04EC0-301F-11D3-BF4B-00C04F79EFBC}") = "snakeandladder", "snakeandladder.csproj", "{BEDE79C2-841B-4C76-8984-29FF42E15666}"
EndProject
Global
	GlobalSection(SolutionConfigurationPlatforms) = preSolution
		Debug|Any CPU = Debug|Any CPU
		Release|Any CPU = Release|Any CPU
	EndGlobalSection
	GlobalSection(ProjectConfigurationPlatforms) = postSolution
		{BEDE79C2-841B-4C76-8984-29FF42E15666}.Debug|Any CPU.ActiveCfg = Debug|Any CPU
		{BEDE79C2-841B-4C76-8984-29FF42E15666}.Debug|Any CPU.Build.0 = Debug|Any CPU
		{BEDE79C2-841B-4C76-8984-29FF42E15666}.Release|Any CPU.ActiveCfg = Release|Any CPU
		{BEDE79C2-841B-4C76-8984-29FF42E15666}.Release|Any CPU.Build.0 = Release|Any CPU
	EndGlobalSection
	GlobalSection(SolutionProperties) = preSolution
		HideSolutionNode = FALSE
	EndGlobalSection
	GlobalSection(ExtensibilityGlobals) = postSolution
		SolutionGuid = {F0A57D23-3CD9-4B33-9F17-B8B4F9967050}
	EndGlobalSection
EndGlobal
